// !$*UTF8*$!
{
	archiveVersion = 1;
	classes = {
	};
	objectVersion = 77;
	objects = {

/* Begin PBXContainerItemProxy section */
		91010CD42D9297A6005AE992 /* PBXContainerItemProxy */ = {
			isa = PBXContainerItemProxy;
			containerPortal = 91010CB22D9297A4005AE992 /* Project object */;
			proxyType = 1;
			remoteGlobalIDString = 91010CB92D9297A4005AE992;
			remoteInfo = EMToDo;
		};
		91010CDE2D9297A6005AE992 /* PBXContainerItemProxy */ = {
			isa = PBXContainerItemProxy;
			containerPortal = 91010CB22D9297A4005AE992 /* Project object */;
			proxyType = 1;
			remoteGlobalIDString = 91010CB92D9297A4005AE992;
			remoteInfo = EMToDo;
		};
/* End PBXContainerItemProxy section */

/* Begin PBXFileReference section */
		91010CBA2D9297A4005AE992 /* EMToDo.app */ = {isa = PBXFileReference; explicitFileType = wrapper.application; includeInIndex = 0; path = EMToDo.app; sourceTree = BUILT_PRODUCTS_DIR; };
		91010CD32D9297A6005AE992 /* EMToDoTests.xctest */ = {isa = PBXFileReference; explicitFileType = wrapper.cfbundle; includeInIndex = 0; path = EMToDoTests.xctest; sourceTree = BUILT_PRODUCTS_DIR; };
		91010CDD2D9297A6005AE992 /* EMToDoUITests.xctest */ = {isa = PBXFileReference; explicitFileType = wrapper.cfbundle; includeInIndex = 0; path = EMToDoUITests.xctest; sourceTree = BUILT_PRODUCTS_DIR; };
/* End PBXFileReference section */

/* Begin PBXFileSystemSynchronizedBuildFileExceptionSet section */
		91010CE52D9297A6005AE992 /* Exceptions for "EMToDo" folder in "EMToDo" target */ = {
			isa = PBXFileSystemSynchronizedBuildFileExceptionSet;
			membershipExceptions = (
				Info.plist,
			);
			target = 91010CB92D9297A4005AE992 /* EMToDo */;
		};
/* End PBXFileSystemSynchronizedBuildFileExceptionSet section */

/* Begin PBXFileSystemSynchronizedRootGroup section */
		91010CBC2D9297A4005AE992 /* EMToDo */ = {
			isa = PBXFileSystemSynchronizedRootGroup;
			exceptions = (
				91010CE52D9297A6005AE992 /* Exceptions for "EMToDo" folder in "EMToDo" target */,
			);
			path = EMToDo;
			sourceTree = "<group>";
		};
		91010CD62D9297A6005AE992 /* EMToDoTests */ = {
			isa = PBXFileSystemSynchronizedRootGroup;
			path = EMToDoTests;
			sourceTree = "<group>";
		};
		91010CE02D9297A6005AE992 /* EMToDoUITests */ = {
			isa = PBXFileSystemSynchronizedRootGroup;
			path = EMToDoUITests;
			sourceTree = "<group>";
		};
/* End PBXFileSystemSynchronizedRootGroup section */

/* Begin PBXFrameworksBuildPhase section */
		91010CB72D9297A4005AE992 /* Frameworks */ = {
			isa = PBXFrameworksBuildPhase;
			buildActionMask = 2147483647;
			files = (
			);
			runOnlyForDeploymentPostprocessing = 0;
		};
		91010CD02D9297A6005AE992 /* Frameworks */ = {
			isa = PBXFrameworksBuildPhase;
			buildActionMask = 2147483647;
			files = (
			);
			runOnlyForDeploymentPostprocessing = 0;
		};
		91010CDA2D9297A6005AE992 /* Frameworks */ = {
			isa = PBXFrameworksBuildPhase;
			buildActionMask = 2147483647;
			files = (
			);
			runOnlyForDeploymentPostprocessing = 0;
		};
/* End PBXFrameworksBuildPhase section */

/* Begin PBXGroup section */
		91010CB12D9297A4005AE992 = {
			isa = PBXGroup;
			children = (
				91010CBC2D9297A4005AE992 /* EMToDo */,
				91010CD62D9297A6005AE992 /* EMToDoTests */,
				91010CE02D9297A6005AE992 /* EMToDoUITests */,
				91010CBB2D9297A4005AE992 /* Products */,
			);
			sourceTree = "<group>";
		};
		91010CBB2D9297A4005AE992 /* Products */ = {
			isa = PBXGroup;
			children = (
				91010CBA2D9297A4005AE992 /* EMToDo.app */,
				91010CD32D9297A6005AE992 /* EMToDoTests.xctest */,
				91010CDD2D9297A6005AE992 /* EMToDoUITests.xctest */,
			);
			name = Products;
			sourceTree = "<group>";
		};
/* End PBXGroup section */

/* Begin PBXNativeTarget section */
		91010CB92D9297A4005AE992 /* EMToDo */ = {
			isa = PBXNativeTarget;
			buildConfigurationList = 91010CE62D9297A6005AE992 /* Build configuration list for PBXNativeTarget "EMToDo" */;
			buildPhases = (
				91010CB62D9297A4005AE992 /* Sources */,
				91010CB72D9297A4005AE992 /* Frameworks */,
				91010CB82D9297A4005AE992 /* Resources */,
			);
			buildRules = (
			);
			dependencies = (
			);
			fileSystemSynchronizedGroups = (
				91010CBC2D9297A4005AE992 /* EMToDo */,
			);
			name = EMToDo;
			packageProductDependencies = (
			);
			productName = EMToDo;
			productReference = 91010CBA2D9297A4005AE992 /* EMToDo.app */;
			productType = "com.apple.product-type.application";
		};
		91010CD22D9297A6005AE992 /* EMToDoTests */ = {
			isa = PBXNativeTarget;
			buildConfigurationList = 91010CEB2D9297A6005AE992 /* Build configuration list for PBXNativeTarget "EMToDoTests" */;
			buildPhases = (
				91010CCF2D9297A6005AE992 /* Sources */,
				91010CD02D9297A6005AE992 /* Frameworks */,
				91010CD12D9297A6005AE992 /* Resources */,
			);
			buildRules = (
			);
			dependencies = (
				91010CD52D9297A6005AE992 /* PBXTargetDependency */,
			);
			fileSystemSynchronizedGroups = (
				91010CD62D9297A6005AE992 /* EMToDoTests */,
			);
			name = EMToDoTests;
			packageProductDependencies = (
			);
			productName = EMToDoTests;
			productReference = 91010CD32D9297A6005AE992 /* EMToDoTests.xctest */;
			productType = "com.apple.product-type.bundle.unit-test";
		};
		91010CDC2D9297A6005AE992 /* EMToDoUITests */ = {
			isa = PBXNativeTarget;
			buildConfigurationList = 91010CEE2D9297A6005AE992 /* Build configuration list for PBXNativeTarget "EMToDoUITests" */;
			buildPhases = (
				91010CD92D9297A6005AE992 /* Sources */,
				91010CDA2D9297A6005AE992 /* Frameworks */,
				91010CDB2D9297A6005AE992 /* Resources */,
			);
			buildRules = (
			);
			dependencies = (
				91010CDF2D9297A6005AE992 /* PBXTargetDependency */,
			);
			fileSystemSynchronizedGroups = (
				91010CE02D9297A6005AE992 /* EMToDoUITests */,
			);
			name = EMToDoUITests;
			packageProductDependencies = (
			);
			productName = EMToDoUITests;
			productReference = 91010CDD2D9297A6005AE992 /* EMToDoUITests.xctest */;
			productType = "com.apple.product-type.bundle.ui-testing";
		};
/* End PBXNativeTarget section */

/* Begin PBXProject section */
		91010CB22D9297A4005AE992 /* Project object */ = {
			isa = PBXProject;
			attributes = {
				BuildIndependentTargetsInParallel = 1;
				LastSwiftUpdateCheck = 1620;
				LastUpgradeCheck = 1620;
				TargetAttributes = {
					91010CB92D9297A4005AE992 = {
						CreatedOnToolsVersion = 16.2;
					};
					91010CD22D9297A6005AE992 = {
						CreatedOnToolsVersion = 16.2;
						TestTargetID = 91010CB92D9297A4005AE992;
					};
					91010CDC2D9297A6005AE992 = {
						CreatedOnToolsVersion = 16.2;
						TestTargetID = 91010CB92D9297A4005AE992;
					};
				};
			};
			buildConfigurationList = 91010CB52D9297A4005AE992 /* Build configuration list for PBXProject "EMToDo" */;
			developmentRegion = en;
			hasScannedForEncodings = 0;
			knownRegions = (
				en,
				Base,
			);
			mainGroup = 91010CB12D9297A4005AE992;
			minimizedProjectReferenceProxies = 1;
			preferredProjectObjectVersion = 77;
			productRefGroup = 91010CBB2D9297A4005AE992 /* Products */;
			projectDirPath = "";
			projectRoot = "";
			targets = (
				91010CB92D9297A4005AE992 /* EMToDo */,
				91010CD22D9297A6005AE992 /* EMToDoTests */,
				91010CDC2D9297A6005AE992 /* EMToDoUITests */,
			);
		};
/* End PBXProject section */

/* Begin PBXResourcesBuildPhase section */
		91010CB82D9297A4005AE992 /* Resources */ = {
			isa = PBXResourcesBuildPhase;
			buildActionMask = 2147483647;
			files = (
			);
			runOnlyForDeploymentPostprocessing = 0;
		};
		91010CD12D9297A6005AE992 /* Resources */ = {
			isa = PBXResourcesBuildPhase;
			buildActionMask = 2147483647;
			files = (
			);
			runOnlyForDeploymentPostprocessing = 0;
		};
		91010CDB2D9297A6005AE992 /* Resources */ = {
			isa = PBXResourcesBuildPhase;
			buildActionMask = 2147483647;
			files = (
			);
			runOnlyForDeploymentPostprocessing = 0;
		};
/* End PBXResourcesBuildPhase section */

/* Begin PBXSourcesBuildPhase section */
		91010CB62D9297A4005AE992 /* Sources */ = {
			isa = PBXSourcesBuildPhase;
			buildActionMask = 2147483647;
			files = (
			);
			runOnlyForDeploymentPostprocessing = 0;
		};
		91010CCF2D9297A6005AE992 /* Sources */ = {
			isa = PBXSourcesBuildPhase;
			buildActionMask = 2147483647;
			files = (
			);
			runOnlyForDeploymentPostprocessing = 0;
		};
		91010CD92D9297A6005AE992 /* Sources */ = {
			isa = PBXSourcesBuildPhase;
			buildActionMask = 2147483647;
			files = (
			);
			runOnlyForDeploymentPostprocessing = 0;
		};
/* End PBXSourcesBuildPhase section */

/* Begin PBXTargetDependency section */
		91010CD52D9297A6005AE992 /* PBXTargetDependency */ = {
			isa = PBXTargetDependency;
			target = 91010CB92D9297A4005AE992 /* EMToDo */;
			targetProxy = 91010CD42D9297A6005AE992 /* PBXContainerItemProxy */;
		};
		91010CDF2D9297A6005AE992 /* PBXTargetDependency */ = {
			isa = PBXTargetDependency;
			target = 91010CB92D9297A4005AE992 /* EMToDo */;
			targetProxy = 91010CDE2D9297A6005AE992 /* PBXContainerItemProxy */;
		};
/* End PBXTargetDependency section */

/* Begin XCBuildConfiguration section */
		91010CE72D9297A6005AE992 /* Debug */ = {
			isa = XCBuildConfiguration;
			buildSettings = {
				ASSETCATALOG_COMPILER_APPICON_NAME = AppIcon;
				ASSETCATALOG_COMPILER_GLOBAL_ACCENT_COLOR_NAME = AccentColor;
				CODE_SIGN_STYLE = Automatic;
				CURRENT_PROJECT_VERSION = 1;
				DEVELOPMENT_TEAM = 82ZASH38NC;
				GENERATE_INFOPLIST_FILE = YES;
				INFOPLIST_FILE = EMToDo/Info.plist;
				INFOPLIST_KEY_UIApplicationSupportsIndirectInputEvents = YES;
				INFOPLIST_KEY_UILaunchStoryboardName = LaunchScreen;
				INFOPLIST_KEY_UIMainStoryboardFile = Main;
				INFOPLIST_KEY_UISupportedInterfaceOrientations_iPad = "UIInterfaceOrientationPortrait UIInterfaceOrientationPortraitUpsideDown UIInterfaceOrientationLandscapeLeft UIInterfaceOrientationLandscapeRight";
				INFOPLIST_KEY_UISupportedInterfaceOrientations_iPhone = "UIInterfaceOrientationPortrait UIInterfaceOrientationLandscapeLeft UIInterfaceOrientationLandscapeRight";
				LD_RUNPATH_SEARCH_PATHS = (
					"$(inherited)",
					"@executable_path/Frameworks",
				);
				MARKETING_VERSION = 1.0;
				PRODUCT_BUNDLE_IDENTIFIER = ru.maximmakarenkov.EMToDo;
				PRODUCT_NAME = "$(TARGET_NAME)";
				SWIFT_EMIT_LOC_STRINGS = YES;
				SWIFT_VERSION = 5.0;
				TARGETED_DEVICE_FAMILY = "1,2";
			};
			name = Debug;
		};
		91010CE82D9297A6005AE992 /* Release */ = {
			isa = XCBuildConfiguration;
			buildSettings = {
				ASSETCATALOG_COMPILER_APPICON_NAME = AppIcon;
				ASSETCATALOG_COMPILER_GLOBAL_ACCENT_COLOR_NAME = AccentColor;
				CODE_SIGN_STYLE = Automatic;
				CURRENT_PROJECT_VERSION = 1;
				DEVELOPMENT_TEAM = 82ZASH38NC;
				GENERATE_INFOPLIST_FILE = YES;
				INFOPLIST_FILE = EMToDo/Info.plist;
				INFOPLIST_KEY_UIApplicationSupportsIndirectInputEvents = YES;
				INFOPLIST_KEY_UILaunchStoryboardName = LaunchScreen;
				INFOPLIST_KEY_UIMainStoryboardFile = Main;
				INFOPLIST_KEY_UISupportedInterfaceOrientations_iPad = "UIInterfaceOrientationPortrait UIInterfaceOrientationPortraitUpsideDown UIInterfaceOrientationLandscapeLeft UIInterfaceOrientationLandscapeRight";
				INFOPLIST_KEY_UISupportedInterfaceOrientations_iPhone = "UIInterfaceOrientationPortrait UIInterfaceOrientationLandscapeLeft UIInterfaceOrientationLandscapeRight";
				LD_RUNPATH_SEARCH_PATHS = (
					"$(inherited)",
					"@executable_path/Frameworks",
				);
				MARKETING_VERSION = 1.0;
				PRODUCT_BUNDLE_IDENTIFIER = ru.maximmakarenkov.EMToDo;
				PRODUCT_NAME = "$(TARGET_NAME)";
				SWIFT_EMIT_LOC_STRINGS = YES;
				SWIFT_VERSION = 5.0;
				TARGETED_DEVICE_FAMILY = "1,2";
			};
			name = Release;
		};
		91010CE92D9297A6005AE992 /* Debug */ = {
			isa = XCBuildConfiguration;
			buildSettings = {
				ALWAYS_SEARCH_USER_PATHS = NO;
				ASSETCATALOG_COMPILER_GENERATE_SWIFT_ASSET_SYMBOL_EXTENSIONS = YES;
				CLANG_ANALYZER_NONNULL = YES;
				CLANG_ANALYZER_NUMBER_OBJECT_CONVERSION = YES_AGGRESSIVE;
				CLANG_CXX_LANGUAGE_STANDARD = "gnu++20";
				CLANG_ENABLE_MODULES = YES;
				CLANG_ENABLE_OBJC_ARC = YES;
				CLANG_ENABLE_OBJC_WEAK = YES;
				CLANG_WARN_BLOCK_CAPTURE_AUTORELEASING = YES;
				CLANG_WARN_BOOL_CONVERSION = YES;
				CLANG_WARN_COMMA = YES;
				CLANG_WARN_CONSTANT_CONVERSION = YES;
				CLANG_WARN_DEPRECATED_OBJC_IMPLEMENTATIONS = YES;
				CLANG_WARN_DIRECT_OBJC_ISA_USAGE = YES_ERROR;
				CLANG_WARN_DOCUMENTATION_COMMENTS = YES;
				CLANG_WARN_EMPTY_BODY = YES;
				CLANG_WARN_ENUM_CONVERSION = YES;
				CLANG_WARN_INFINITE_RECURSION = YES;
				CLANG_WARN_INT_CONVERSION = YES;
				CLANG_WARN_NON_LITERAL_NULL_CONVERSION = YES;
				CLANG_WARN_OBJC_IMPLICIT_RETAIN_SELF = YES;
				CLANG_WARN_OBJC_LITERAL_CONVERSION = YES;
				CLANG_WARN_OBJC_ROOT_CLASS = YES_ERROR;
				CLANG_WARN_QUOTED_INCLUDE_IN_FRAMEWORK_HEADER = YES;
				CLANG_WARN_RANGE_LOOP_ANALYSIS = YES;
				CLANG_WARN_STRICT_PROTOTYPES = YES;
				CLANG_WARN_SUSPICIOUS_MOVE = YES;
				CLANG_WARN_UNGUARDED_AVAILABILITY = YES_AGGRESSIVE;
				CLANG_WARN_UNREACHABLE_CODE = YES;
				CLANG_WARN__DUPLICATE_METHOD_MATCH = YES;
				COPY_PHASE_STRIP = NO;
				DEBUG_INFORMATION_FORMAT = dwarf;
				ENABLE_STRICT_OBJC_MSGSEND = YES;
				ENABLE_TESTABILITY = YES;
				ENABLE_USER_SCRIPT_SANDBOXING = YES;
				GCC_C_LANGUAGE_STANDARD = gnu17;
				GCC_DYNAMIC_NO_PIC = NO;
				GCC_NO_COMMON_BLOCKS = YES;
				GCC_OPTIMIZATION_LEVEL = 0;
				GCC_PREPROCESSOR_DEFINITIONS = (
					"DEBUG=1",
					"$(inherited)",
				);
				GCC_WARN_64_TO_32_BIT_CONVERSION = YES;
				GCC_WARN_ABOUT_RETURN_TYPE = YES_ERROR;
				GCC_WARN_UNDECLARED_SELECTOR = YES;
				GCC_WARN_UNINITIALIZED_AUTOS = YES_AGGRESSIVE;
				GCC_WARN_UNUSED_FUNCTION = YES;
				GCC_WARN_UNUSED_VARIABLE = YES;
				IPHONEOS_DEPLOYMENT_TARGET = 18.2;
				LOCALIZATION_PREFERS_STRING_CATALOGS = YES;
				MTL_ENABLE_DEBUG_INFO = INCLUDE_SOURCE;
				MTL_FAST_MATH = YES;
				ONLY_ACTIVE_ARCH = YES;
				SDKROOT = iphoneos;
				SWIFT_ACTIVE_COMPILATION_CONDITIONS = "DEBUG $(inherited)";
				SWIFT_OPTIMIZATION_LEVEL = "-Onone";
			};
			name = Debug;
		};
		91010CEA2D9297A6005AE992 /* Release */ = {
			isa = XCBuildConfiguration;
			buildSettings = {
				ALWAYS_SEARCH_USER_PATHS = NO;
				ASSETCATALOG_COMPILER_GENERATE_SWIFT_ASSET_SYMBOL_EXTENSIONS = YES;
				CLANG_ANALYZER_NONNULL = YES;
				CLANG_ANALYZER_NUMBER_OBJECT_CONVERSION = YES_AGGRESSIVE;
				CLANG_CXX_LANGUAGE_STANDARD = "gnu++20";
				CLANG_ENABLE_MODULES = YES;
				CLANG_ENABLE_OBJC_ARC = YES;
				CLANG_ENABLE_OBJC_WEAK = YES;
				CLANG_WARN_BLOCK_CAPTURE_AUTORELEASING = YES;
				CLANG_WARN_BOOL_CONVERSION = YES;
				CLANG_WARN_COMMA = YES;
				CLANG_WARN_CONSTANT_CONVERSION = YES;
				CLANG_WARN_DEPRECATED_OBJC_IMPLEMENTATIONS = YES;
				CLANG_WARN_DIRECT_OBJC_ISA_USAGE = YES_ERROR;
				CLANG_WARN_DOCUMENTATION_COMMENTS = YES;
				CLANG_WARN_EMPTY_BODY = YES;
				CLANG_WARN_ENUM_CONVERSION = YES;
				CLANG_WARN_INFINITE_RECURSION = YES;
				CLANG_WARN_INT_CONVERSION = YES;
				CLANG_WARN_NON_LITERAL_NULL_CONVERSION = YES;
				CLANG_WARN_OBJC_IMPLICIT_RETAIN_SELF = YES;
				CLANG_WARN_OBJC_LITERAL_CONVERSION = YES;
				CLANG_WARN_OBJC_ROOT_CLASS = YES_ERROR;
				CLANG_WARN_QUOTED_INCLUDE_IN_FRAMEWORK_HEADER = YES;
				CLANG_WARN_RANGE_LOOP_ANALYSIS = YES;
				CLANG_WARN_STRICT_PROTOTYPES = YES;
				CLANG_WARN_SUSPICIOUS_MOVE = YES;
				CLANG_WARN_UNGUARDED_AVAILABILITY = YES_AGGRESSIVE;
				CLANG_WARN_UNREACHABLE_CODE = YES;
				CLANG_WARN__DUPLICATE_METHOD_MATCH = YES;
				COPY_PHASE_STRIP = NO;
				DEBUG_INFORMATION_FORMAT = "dwarf-with-dsym";
				ENABLE_NS_ASSERTIONS = NO;
				ENABLE_STRICT_OBJC_MSGSEND = YES;
				ENABLE_USER_SCRIPT_SANDBOXING = YES;
				GCC_C_LANGUAGE_STANDARD = gnu17;
				GCC_NO_COMMON_BLOCKS = YES;
				GCC_WARN_64_TO_32_BIT_CONVERSION = YES;
				GCC_WARN_ABOUT_RETURN_TYPE = YES_ERROR;
				GCC_WARN_UNDECLARED_SELECTOR = YES;
				GCC_WARN_UNINITIALIZED_AUTOS = YES_AGGRESSIVE;
				GCC_WARN_UNUSED_FUNCTION = YES;
				GCC_WARN_UNUSED_VARIABLE = YES;
				IPHONEOS_DEPLOYMENT_TARGET = 18.2;
				LOCALIZATION_PREFERS_STRING_CATALOGS = YES;
				MTL_ENABLE_DEBUG_INFO = NO;
				MTL_FAST_MATH = YES;
				SDKROOT = iphoneos;
				SWIFT_COMPILATION_MODE = wholemodule;
				VALIDATE_PRODUCT = YES;
			};
			name = Release;
		};
		91010CEC2D9297A6005AE992 /* Debug */ = {
			isa = XCBuildConfiguration;
			buildSettings = {
				BUNDLE_LOADER = "$(TEST_HOST)";
				CODE_SIGN_STYLE = Automatic;
				CURRENT_PROJECT_VERSION = 1;
				DEVELOPMENT_TEAM = 82ZASH38NC;
				GENERATE_INFOPLIST_FILE = YES;
				IPHONEOS_DEPLOYMENT_TARGET = 18.2;
				MARKETING_VERSION = 1.0;
				PRODUCT_BUNDLE_IDENTIFIER = ru.maximmakarenkov.EMToDoTests;
				PRODUCT_NAME = "$(TARGET_NAME)";
				SWIFT_EMIT_LOC_STRINGS = NO;
				SWIFT_VERSION = 5.0;
				TARGETED_DEVICE_FAMILY = "1,2";
				TEST_HOST = "$(BUILT_PRODUCTS_DIR)/EMToDo.app/$(BUNDLE_EXECUTABLE_FOLDER_PATH)/EMToDo";
			};
			name = Debug;
		};
		91010CED2D9297A6005AE992 /* Release */ = {
			isa = XCBuildConfiguration;
			buildSettings = {
				BUNDLE_LOADER = "$(TEST_HOST)";
				CODE_SIGN_STYLE = Automatic;
				CURRENT_PROJECT_VERSION = 1;
				DEVELOPMENT_TEAM = 82ZASH38NC;
				GENERATE_INFOPLIST_FILE = YES;
				IPHONEOS_DEPLOYMENT_TARGET = 18.2;
				MARKETING_VERSION = 1.0;
				PRODUCT_BUNDLE_IDENTIFIER = ru.maximmakarenkov.EMToDoTests;
				PRODUCT_NAME = "$(TARGET_NAME)";
				SWIFT_EMIT_LOC_STRINGS = NO;
				SWIFT_VERSION = 5.0;
				TARGETED_DEVICE_FAMILY = "1,2";
				TEST_HOST = "$(BUILT_PRODUCTS_DIR)/EMToDo.app/$(BUNDLE_EXECUTABLE_FOLDER_PATH)/EMToDo";
			};
			name = Release;
		};
		91010CEF2D9297A6005AE992 /* Debug */ = {
			isa = XCBuildConfiguration;
			buildSettings = {
				CODE_SIGN_STYLE = Automatic;
				CURRENT_PROJECT_VERSION = 1;
				DEVELOPMENT_TEAM = 82ZASH38NC;
				GENERATE_INFOPLIST_FILE = YES;
				MARKETING_VERSION = 1.0;
				PRODUCT_BUNDLE_IDENTIFIER = ru.maximmakarenkov.EMToDoUITests;
				PRODUCT_NAME = "$(TARGET_NAME)";
				SWIFT_EMIT_LOC_STRINGS = NO;
				SWIFT_VERSION = 5.0;
				TARGETED_DEVICE_FAMILY = "1,2";
				TEST_TARGET_NAME = EMToDo;
			};
			name = Debug;
		};
		91010CF02D9297A6005AE992 /* Release */ = {
			isa = XCBuildConfiguration;
			buildSettings = {
				CODE_SIGN_STYLE = Automatic;
				CURRENT_PROJECT_VERSION = 1;
				DEVELOPMENT_TEAM = 82ZASH38NC;
				GENERATE_INFOPLIST_FILE = YES;
				MARKETING_VERSION = 1.0;
				PRODUCT_BUNDLE_IDENTIFIER = ru.maximmakarenkov.EMToDoUITests;
				PRODUCT_NAME = "$(TARGET_NAME)";
				SWIFT_EMIT_LOC_STRINGS = NO;
				SWIFT_VERSION = 5.0;
				TARGETED_DEVICE_FAMILY = "1,2";
				TEST_TARGET_NAME = EMToDo;
			};
			name = Release;
		};
/* End XCBuildConfiguration section */

/* Begin XCConfigurationList section */
		91010CB52D9297A4005AE992 /* Build configuration list for PBXProject "EMToDo" */ = {
			isa = XCConfigurationList;
			buildConfigurations = (
				91010CE92D9297A6005AE992 /* Debug */,
				91010CEA2D9297A6005AE992 /* Release */,
			);
			defaultConfigurationIsVisible = 0;
			defaultConfigurationName = Release;
		};
		91010CE62D9297A6005AE992 /* Build configuration list for PBXNativeTarget "EMToDo" */ = {
			isa = XCConfigurationList;
			buildConfigurations = (
				91010CE72D9297A6005AE992 /* Debug */,
				91010CE82D9297A6005AE992 /* Release */,
			);
			defaultConfigurationIsVisible = 0;
			defaultConfigurationName = Release;
		};
		91010CEB2D9297A6005AE992 /* Build configuration list for PBXNativeTarget "EMToDoTests" */ = {
			isa = XCConfigurationList;
			buildConfigurations = (
				91010CEC2D9297A6005AE992 /* Debug */,
				91010CED2D9297A6005AE992 /* Release */,
			);
			defaultConfigurationIsVisible = 0;
			defaultConfigurationName = Release;
		};
		91010CEE2D9297A6005AE992 /* Build configuration list for PBXNativeTarget "EMToDoUITests" */ = {
			isa = XCConfigurationList;
			buildConfigurations = (
				91010CEF2D9297A6005AE992 /* Debug */,
				91010CF02D9297A6005AE992 /* Release */,
			);
			defaultConfigurationIsVisible = 0;
			defaultConfigurationName = Release;
		};
/* End XCConfigurationList section */
	};
	rootObject = 91010CB22D9297A4005AE992 /* Project object */;
}
